{
    "_readme": [
        "This file locks the dependencies of your project to a known state",
        "Read more about it at https://getcomposer.org/doc/01-basic-usage.md#installing-dependencies",
        "This file is @generated automatically"
    ],
    "content-hash": "148a02162356586d6047e0231bfbd0df",
    "packages": [],
    "packages-dev": [
        {
            "name": "phabel/phabel",
            "version": "1.0.58.80",
            "source": {
                "type": "git",
                "url": "https://github.com/phabelio/phabel.git",
                "reference": "039017c53a3a1ea87f3a1db13106f5855260ee7a"
            },
            "dist": {
                "type": "zip",
                "url": "https://api.github.com/repos/phabelio/phabel/zipball/039017c53a3a1ea87f3a1db13106f5855260ee7a",
                "reference": "039017c53a3a1ea87f3a1db13106f5855260ee7a",
                "shasum": ""
            },
            "require": {
                "composer-plugin-api": "^2.0",
                "ext-json": "*",
                "ext-tokenizer": "*",
                "php": ">=8.0"
            },
            "provide": {
                "phabelio/phabel": "self.version"
            },
            "require-dev": {
                "amphp/file": "^2.0",
                "bamarni/composer-bin-plugin": "^1.4"
            },
            "bin": [
                "bin/phabel"
            ],
            "type": "composer-plugin",
            "extra": {
                "class": "Phabel\\Composer\\Plugin",
                "plugin-modifies-downloads": true
            },
            "autoload": {
                "files": [
                    "src/guard.php",
                    "vendor-bundle/amphp/amp/lib/functions.php",
                    "vendor-bundle/amphp/amp/lib/Internal/functions.php",
                    "vendor-bundle/amphp/byte-stream/lib/functions.php",
                    "vendor-bundle/amphp/parallel/lib/Context/functions.php",
                    "vendor-bundle/amphp/parallel/lib/Sync/functions.php",
                    "vendor-bundle/amphp/parallel/lib/Worker/functions.php",
                    "vendor-bundle/amphp/process/lib/functions.php",
                    "vendor-bundle/amphp/serialization/src/functions.php",
                    "vendor-bundle/amphp/sync/src/functions.php",
                    "vendor-bundle/amphp/sync/src/ConcurrentIterator/functions.php",
                    "vendor-bundle/symfony/deprecation-contracts/function.php",
                    "vendor-bundle/symfony/polyfill-ctype/bootstrap.php",
                    "vendor-bundle/symfony/polyfill-intl-grapheme/bootstrap.php",
                    "vendor-bundle/symfony/polyfill-intl-normalizer/bootstrap.php",
                    "vendor-bundle/symfony/polyfill-mbstring/bootstrap.php",
                    "vendor-bundle/symfony/polyfill-php73/bootstrap.php",
                    "vendor-bundle/symfony/polyfill-php80/bootstrap.php",
                    "vendor-bundle/symfony/string/Resources/functions.php"
                ],
                "psr-4": {
                    "Phabel\\": "src",
                    "PhabelVendor\\Amp\\": [
                        "vendor-bundle/amphp/amp/lib"
                    ],
                    "PhabelVendor\\Psr\\Log\\": [
                        "vendor-bundle/psr/log/Psr/Log/"
                    ],
                    "PhabelVendor\\Amp\\Sync\\": [
                        "vendor-bundle/amphp/sync/src"
                    ],
                    "PhabelVendor\\PhpParser\\": [
                        "vendor-bundle/phabel/php-parser/lib/PhpParser"
                    ],
                    "Symfony\\Polyfill\\Ctype\\": [
                        "vendor-bundle/symfony/polyfill-ctype/"
                    ],
                    "Symfony\\Polyfill\\Php73\\": [
                        "vendor-bundle/symfony/polyfill-php73/"
                    ],
                    "Symfony\\Polyfill\\Php80\\": [
                        "vendor-bundle/symfony/polyfill-php80/"
                    ],
                    "PhabelVendor\\Amp\\Parser\\": [
                        "vendor-bundle/amphp/parser/lib"
                    ],
                    "PhabelVendor\\Amp\\Process\\": [
                        "vendor-bundle/amphp/process/lib"
                    ],
                    "PhabelVendor\\Amp\\Parallel\\": [
                        "vendor-bundle/amphp/parallel/lib"
                    ],
                    "Symfony\\Polyfill\\Mbstring\\": [
                        "vendor-bundle/symfony/polyfill-mbstring/"
                    ],
                    "PhabelVendor\\Psr\\Container\\": [
                        "vendor-bundle/psr/container/src/"
                    ],
                    "PhabelVendor\\Amp\\ByteStream\\": [
                        "vendor-bundle/amphp/byte-stream/lib"
                    ],
                    "PhabelVendor\\Amp\\Serialization\\": [
                        "vendor-bundle/amphp/serialization/src"
                    ],
                    "Symfony\\Polyfill\\Intl\\Grapheme\\": [
                        "vendor-bundle/symfony/polyfill-intl-grapheme/"
                    ],
                    "Symfony\\Polyfill\\Intl\\Normalizer\\": [
                        "vendor-bundle/symfony/polyfill-intl-normalizer/"
                    ],
                    "PhabelVendor\\PHPStan\\PhpDocParser\\": [
                        "vendor-bundle/phpstan/phpdoc-parser/src/"
                    ],
                    "PhabelVendor\\Symfony\\Component\\String\\": [
                        "vendor-bundle/symfony/string/"
                    ],
                    "PhabelVendor\\Symfony\\Component\\Console\\": [
                        "vendor-bundle/symfony/console/"
                    ],
                    "PhabelVendor\\Symfony\\Component\\Process\\": [
                        "vendor-bundle/symfony/process/"
                    ],
                    "PhabelVendor\\Symfony\\Contracts\\Service\\": [
                        "vendor-bundle/symfony/service-contracts/"
                    ]
                },
                "classmap": [
                    "vendor-bundle/symfony/polyfill-intl-normalizer/Resources/stubs",
                    "vendor-bundle/symfony/polyfill-php73/Resources/stubs",
                    "vendor-bundle/symfony/polyfill-php80/Resources/stubs"
                ]
            },
            "notification-url": "https://packagist.org/downloads/",
            "license": [
                "MIT"
            ],
            "authors": [
                {
                    "name": "Daniil Gentili",
                    "email": "daniil@daniil.it"
                }
            ],
            "description": "Write and deploy modern PHP 8 code, today.",
            "support": {
                "issues": "https://github.com/phabelio/phabel/issues",
                "source": "https://github.com/phabelio/phabel/tree/1.0.58.80"
            },
            "funding": [
                {
                    "url": "https://github.com/danog",
                    "type": "github"
                }
            ],
            "time": "2022-10-08T14:47:44+00:00"
        }
    ],
    "aliases": [],
    "minimum-stability": "stable",
    "stability-flags": [],
    "prefer-stable": false,
    "prefer-lowest": false,
    "platform": {
        "ext-gmp": "*",
        "php": "^8.0"
    },
    "platform-dev": [],
    "plugin-api-version": "2.6.0"
}
